{
  "name": "hello-world-java11",
  "version": "0.1.0",
  "lockfileVersion": 1,
  "requires": true,
  "dependencies": {
    "serverless-offline-ssm": {
      "version": "4.1.2",
      "resolved": "https://registry.npmjs.org/serverless-offline-ssm/-/serverless-offline-ssm-4.1.2.tgz",
      "integrity": "sha512-021rxV3zPp2+9cVnjKN1ycCgE0FZDUZ+HlwiXbmUvfT5hSgTLwn3WGY6TKAOPC7rmmRMXm8Owex+QGADTdeAgA==",
      "dev": true
    }
  }
}
